// !$*UTF8*$!
{
	archiveVersion = 1;
	classes = {
	};
	objectVersion = 46;
	objects = {

/* Begin PBXBuildFile section */
		358340CD1E6509B30085404D /* RecommendViewController.swift in Sources */ = {isa = PBXBuildFile; fileRef = 358340CC1E6509B30085404D /* RecommendViewController.swift */; };
		358340D01E6521FA0085404D /* CollectionHeaderView.swift in Sources */ = {isa = PBXBuildFile; fileRef = 358340CE1E6521FA0085404D /* CollectionHeaderView.swift */; };
		358340D11E6521FA0085404D /* CollectionHeaderView.xib in Resources */ = {isa = PBXBuildFile; fileRef = 358340CF1E6521FA0085404D /* CollectionHeaderView.xib */; };
		358340D41E6549240085404D /* CollectionNormalCell.swift in Sources */ = {isa = PBXBuildFile; fileRef = 358340D21E6549240085404D /* CollectionNormalCell.swift */; };
		358340D51E6549240085404D /* CollectionNormalCell.xib in Resources */ = {isa = PBXBuildFile; fileRef = 358340D31E6549240085404D /* CollectionNormalCell.xib */; };
		358340D81E65561D0085404D /* CollectionPrettyCell.swift in Sources */ = {isa = PBXBuildFile; fileRef = 358340D61E65561D0085404D /* CollectionPrettyCell.swift */; };
		358340D91E65561D0085404D /* CollectionPrettyCell.xib in Resources */ = {isa = PBXBuildFile; fileRef = 358340D71E65561D0085404D /* CollectionPrettyCell.xib */; };
		358340DB1E6575470085404D /* NetworkTools.swift in Sources */ = {isa = PBXBuildFile; fileRef = 358340DA1E6575470085404D /* NetworkTools.swift */; };
		358340DE1E665F2E0085404D /* RecommendViewModel.swift in Sources */ = {isa = PBXBuildFile; fileRef = 358340DD1E665F2E0085404D /* RecommendViewModel.swift */; };
		358340E21E6660D20085404D /* NSDate-Extension.swift in Sources */ = {isa = PBXBuildFile; fileRef = 358340E11E6660D20085404D /* NSDate-Extension.swift */; };
		358340E41E6666DF0085404D /* AnchorGroup.swift in Sources */ = {isa = PBXBuildFile; fileRef = 358340E31E6666DF0085404D /* AnchorGroup.swift */; };
		358340E61E66A58D0085404D /* AnchorModel.swift in Sources */ = {isa = PBXBuildFile; fileRef = 358340E51E66A58D0085404D /* AnchorModel.swift */; };
		3583E5701DF9A6A3008DD35C /* AppDelegate.swift in Sources */ = {isa = PBXBuildFile; fileRef = 3583E56F1DF9A6A3008DD35C /* AppDelegate.swift */; };
		3583E5771DF9A6A3008DD35C /* Assets.xcassets in Resources */ = {isa = PBXBuildFile; fileRef = 3583E5761DF9A6A3008DD35C /* Assets.xcassets */; };
		3583E57A1DF9A6A3008DD35C /* LaunchScreen.storyboard in Resources */ = {isa = PBXBuildFile; fileRef = 3583E5781DF9A6A3008DD35C /* LaunchScreen.storyboard */; };
		35945A151DFAFEBC00442E03 /* Main.storyboard in Resources */ = {isa = PBXBuildFile; fileRef = 35945A111DFAFEBC00442E03 /* Main.storyboard */; };
		35945A161DFAFEBC00442E03 /* MainViewController.swift in Sources */ = {isa = PBXBuildFile; fileRef = 35945A121DFAFEBC00442E03 /* MainViewController.swift */; };
		35945A1B1DFAFF1300442E03 /* Live.storyboard in Resources */ = {isa = PBXBuildFile; fileRef = 35945A181DFAFF1300442E03 /* Live.storyboard */; };
		35945A201DFAFF2B00442E03 /* Profile.storyboard in Resources */ = {isa = PBXBuildFile; fileRef = 35945A1D1DFAFF2B00442E03 /* Profile.storyboard */; };
		35945A251DFAFF4800442E03 /* Follow.storyboard in Resources */ = {isa = PBXBuildFile; fileRef = 35945A221DFAFF4800442E03 /* Follow.storyboard */; };
		35945A2D1DFB006900442E03 /* Home.storyboard in Resources */ = {isa = PBXBuildFile; fileRef = 35945A291DFB006900442E03 /* Home.storyboard */; };
		35945A2E1DFB006900442E03 /* HomeViewController.swift in Sources */ = {isa = PBXBuildFile; fileRef = 35945A2A1DFB006900442E03 /* HomeViewController.swift */; };
		35945A311DFB07C800442E03 /* UIBarButtonItem-Extension.swift in Sources */ = {isa = PBXBuildFile; fileRef = 35945A301DFB07C800442E03 /* UIBarButtonItem-Extension.swift */; };
		35945A331DFD9DAB00442E03 /* PageTitleView.swift in Sources */ = {isa = PBXBuildFile; fileRef = 35945A321DFD9DAB00442E03 /* PageTitleView.swift */; };
		35945A351DFD9FC200442E03 /* Common.swift in Sources */ = {isa = PBXBuildFile; fileRef = 35945A341DFD9FC200442E03 /* Common.swift */; };
		35945A3C1DFE7AD700442E03 /* PageContentview.swift in Sources */ = {isa = PBXBuildFile; fileRef = 35945A3B1DFE7AD700442E03 /* PageContentview.swift */; };
		35945A3E1DFE8A5E00442E03 /* UIColor-Extension.swift in Sources */ = {isa = PBXBuildFile; fileRef = 35945A3D1DFE8A5E00442E03 /* UIColor-Extension.swift */; };
		C4EA7D34D1ECA4D7943E2A58 /* Pods_TXLive.framework in Frameworks */ = {isa = PBXBuildFile; fileRef = 7ACBBEDCE246C4252525854B /* Pods_TXLive.framework */; };
/* End PBXBuildFile section */

/* Begin PBXFileReference section */
		18547A085AE128D684BA1AB0 /* Pods-TXLive.release.xcconfig */ = {isa = PBXFileReference; includeInIndex = 1; lastKnownFileType = text.xcconfig; name = "Pods-TXLive.release.xcconfig"; path = "Pods/Target Support Files/Pods-TXLive/Pods-TXLive.release.xcconfig"; sourceTree = "<group>"; };
		358340CC1E6509B30085404D /* RecommendViewController.swift */ = {isa = PBXFileReference; fileEncoding = 4; lastKnownFileType = sourcecode.swift; path = RecommendViewController.swift; sourceTree = "<group>"; };
		358340CE1E6521FA0085404D /* CollectionHeaderView.swift */ = {isa = PBXFileReference; fileEncoding = 4; lastKnownFileType = sourcecode.swift; path = CollectionHeaderView.swift; sourceTree = "<group>"; };
		358340CF1E6521FA0085404D /* CollectionHeaderView.xib */ = {isa = PBXFileReference; fileEncoding = 4; lastKnownFileType = file.xib; path = CollectionHeaderView.xib; sourceTree = "<group>"; };
		358340D21E6549240085404D /* CollectionNormalCell.swift */ = {isa = PBXFileReference; fileEncoding = 4; lastKnownFileType = sourcecode.swift; path = CollectionNormalCell.swift; sourceTree = "<group>"; };
		358340D31E6549240085404D /* CollectionNormalCell.xib */ = {isa = PBXFileReference; fileEncoding = 4; lastKnownFileType = file.xib; path = CollectionNormalCell.xib; sourceTree = "<group>"; };
		358340D61E65561D0085404D /* CollectionPrettyCell.swift */ = {isa = PBXFileReference; fileEncoding = 4; lastKnownFileType = sourcecode.swift; path = CollectionPrettyCell.swift; sourceTree = "<group>"; };
		358340D71E65561D0085404D /* CollectionPrettyCell.xib */ = {isa = PBXFileReference; fileEncoding = 4; lastKnownFileType = file.xib; path = CollectionPrettyCell.xib; sourceTree = "<group>"; };
		358340DA1E6575470085404D /* NetworkTools.swift */ = {isa = PBXFileReference; fileEncoding = 4; lastKnownFileType = sourcecode.swift; path = NetworkTools.swift; sourceTree = "<group>"; };
		358340DD1E665F2E0085404D /* RecommendViewModel.swift */ = {isa = PBXFileReference; fileEncoding = 4; lastKnownFileType = sourcecode.swift; path = RecommendViewModel.swift; sourceTree = "<group>"; };
		358340E11E6660D20085404D /* NSDate-Extension.swift */ = {isa = PBXFileReference; fileEncoding = 4; lastKnownFileType = sourcecode.swift; path = "NSDate-Extension.swift"; sourceTree = "<group>"; };
		358340E31E6666DF0085404D /* AnchorGroup.swift */ = {isa = PBXFileReference; fileEncoding = 4; lastKnownFileType = sourcecode.swift; path = AnchorGroup.swift; sourceTree = "<group>"; };
		358340E51E66A58D0085404D /* AnchorModel.swift */ = {isa = PBXFileReference; fileEncoding = 4; lastKnownFileType = sourcecode.swift; path = AnchorModel.swift; sourceTree = "<group>"; };
		3583E56C1DF9A6A3008DD35C /* TXLive.app */ = {isa = PBXFileReference; explicitFileType = wrapper.application; includeInIndex = 0; path = TXLive.app; sourceTree = BUILT_PRODUCTS_DIR; };
		3583E56F1DF9A6A3008DD35C /* AppDelegate.swift */ = {isa = PBXFileReference; lastKnownFileType = sourcecode.swift; path = AppDelegate.swift; sourceTree = "<group>"; };
		3583E5761DF9A6A3008DD35C /* Assets.xcassets */ = {isa = PBXFileReference; lastKnownFileType = folder.assetcatalog; path = Assets.xcassets; sourceTree = "<group>"; };
		3583E5791DF9A6A3008DD35C /* Base */ = {isa = PBXFileReference; lastKnownFileType = file.storyboard; name = Base; path = Base.lproj/LaunchScreen.storyboard; sourceTree = "<group>"; };
		3583E57B1DF9A6A3008DD35C /* Info.plist */ = {isa = PBXFileReference; lastKnownFileType = text.plist.xml; path = Info.plist; sourceTree = "<group>"; };
		35945A111DFAFEBC00442E03 /* Main.storyboard */ = {isa = PBXFileReference; fileEncoding = 4; lastKnownFileType = file.storyboard; path = Main.storyboard; sourceTree = "<group>"; };
		35945A121DFAFEBC00442E03 /* MainViewController.swift */ = {isa = PBXFileReference; fileEncoding = 4; lastKnownFileType = sourcecode.swift; path = MainViewController.swift; sourceTree = "<group>"; };
		35945A181DFAFF1300442E03 /* Live.storyboard */ = {isa = PBXFileReference; fileEncoding = 4; lastKnownFileType = file.storyboard; path = Live.storyboard; sourceTree = "<group>"; };
		35945A1D1DFAFF2B00442E03 /* Profile.storyboard */ = {isa = PBXFileReference; fileEncoding = 4; lastKnownFileType = file.storyboard; path = Profile.storyboard; sourceTree = "<group>"; };
		35945A221DFAFF4800442E03 /* Follow.storyboard */ = {isa = PBXFileReference; fileEncoding = 4; lastKnownFileType = file.storyboard; path = Follow.storyboard; sourceTree = "<group>"; };
		35945A291DFB006900442E03 /* Home.storyboard */ = {isa = PBXFileReference; fileEncoding = 4; lastKnownFileType = file.storyboard; path = Home.storyboard; sourceTree = "<group>"; };
		35945A2A1DFB006900442E03 /* HomeViewController.swift */ = {isa = PBXFileReference; fileEncoding = 4; lastKnownFileType = sourcecode.swift; path = HomeViewController.swift; sourceTree = "<group>"; };
		35945A301DFB07C800442E03 /* UIBarButtonItem-Extension.swift */ = {isa = PBXFileReference; fileEncoding = 4; lastKnownFileType = sourcecode.swift; path = "UIBarButtonItem-Extension.swift"; sourceTree = "<group>"; };
		35945A321DFD9DAB00442E03 /* PageTitleView.swift */ = {isa = PBXFileReference; fileEncoding = 4; lastKnownFileType = sourcecode.swift; path = PageTitleView.swift; sourceTree = "<group>"; };
		35945A341DFD9FC200442E03 /* Common.swift */ = {isa = PBXFileReference; fileEncoding = 4; lastKnownFileType = sourcecode.swift; path = Common.swift; sourceTree = "<group>"; };
		35945A3B1DFE7AD700442E03 /* PageContentview.swift */ = {isa = PBXFileReference; fileEncoding = 4; lastKnownFileType = sourcecode.swift; path = PageContentview.swift; sourceTree = "<group>"; };
		35945A3D1DFE8A5E00442E03 /* UIColor-Extension.swift */ = {isa = PBXFileReference; fileEncoding = 4; lastKnownFileType = sourcecode.swift; path = "UIColor-Extension.swift"; sourceTree = "<group>"; };
		7ACBBEDCE246C4252525854B /* Pods_TXLive.framework */ = {isa = PBXFileReference; explicitFileType = wrapper.framework; includeInIndex = 0; path = Pods_TXLive.framework; sourceTree = BUILT_PRODUCTS_DIR; };
		D6FF595F72CA275EEE4AF948 /* Pods-TXLive.debug.xcconfig */ = {isa = PBXFileReference; includeInIndex = 1; lastKnownFileType = text.xcconfig; name = "Pods-TXLive.debug.xcconfig"; path = "Pods/Target Support Files/Pods-TXLive/Pods-TXLive.debug.xcconfig"; sourceTree = "<group>"; };
/* End PBXFileReference section */

/* Begin PBXFrameworksBuildPhase section */
		3583E5691DF9A6A3008DD35C /* Frameworks */ = {
			isa = PBXFrameworksBuildPhase;
			buildActionMask = 2147483647;
			files = (
				C4EA7D34D1ECA4D7943E2A58 /* Pods_TXLive.framework in Frameworks */,
			);
			runOnlyForDeploymentPostprocessing = 0;
		};
/* End PBXFrameworksBuildPhase section */

/* Begin PBXGroup section */
		358340DC1E665D160085404D /* ViewModel */ = {
			isa = PBXGroup;
			children = (
				358340DD1E665F2E0085404D /* RecommendViewModel.swift */,
			);
			path = ViewModel;
			sourceTree = "<group>";
		};
		3583E5631DF9A6A3008DD35C = {
			isa = PBXGroup;
			children = (
				3583E56E1DF9A6A3008DD35C /* TXLive */,
				3583E56D1DF9A6A3008DD35C /* Products */,
				6DF29265587E3D25A101FCEF /* Pods */,
				3A5C8F8246CF33A6781C941D /* Frameworks */,
			);
			sourceTree = "<group>";
		};
		3583E56D1DF9A6A3008DD35C /* Products */ = {
			isa = PBXGroup;
			children = (
				3583E56C1DF9A6A3008DD35C /* TXLive.app */,
			);
			name = Products;
			sourceTree = "<group>";
		};
		3583E56E1DF9A6A3008DD35C /* TXLive */ = {
			isa = PBXGroup;
			children = (
				3583E5811DF9ACFF008DD35C /* Classes */,
				3583E56F1DF9A6A3008DD35C /* AppDelegate.swift */,
				3583E5761DF9A6A3008DD35C /* Assets.xcassets */,
				3583E5781DF9A6A3008DD35C /* LaunchScreen.storyboard */,
				3583E57B1DF9A6A3008DD35C /* Info.plist */,
			);
			path = TXLive;
			sourceTree = "<group>";
		};
		3583E5811DF9ACFF008DD35C /* Classes */ = {
			isa = PBXGroup;
			children = (
				3583E5851DF9ACFF008DD35C /* Main */,
				3583E5831DF9ACFF008DD35C /* Home */,
				3583E5821DF9ACFF008DD35C /* Follow */,
				3583E5841DF9ACFF008DD35C /* Live */,
				3583E5861DF9ACFF008DD35C /* Profile */,
				3583E5871DF9ACFF008DD35C /* Tool */,
			);
			path = Classes;
			sourceTree = "<group>";
		};
		3583E5821DF9ACFF008DD35C /* Follow */ = {
			isa = PBXGroup;
			children = (
				35945A211DFAFF4800442E03 /* Controller */,
				35945A231DFAFF4800442E03 /* Model */,
				35945A241DFAFF4800442E03 /* View */,
			);
			path = Follow;
			sourceTree = "<group>";
		};
		3583E5831DF9ACFF008DD35C /* Home */ = {
			isa = PBXGroup;
			children = (
				358340DC1E665D160085404D /* ViewModel */,
				35945A281DFB006900442E03 /* Controller */,
				35945A2B1DFB006900442E03 /* Model */,
				35945A2C1DFB006900442E03 /* View */,
			);
			path = Home;
			sourceTree = "<group>";
		};
		3583E5841DF9ACFF008DD35C /* Live */ = {
			isa = PBXGroup;
			children = (
				35945A171DFAFF1300442E03 /* Controller */,
				35945A191DFAFF1300442E03 /* Model */,
				35945A1A1DFAFF1300442E03 /* View */,
			);
			path = Live;
			sourceTree = "<group>";
		};
		3583E5851DF9ACFF008DD35C /* Main */ = {
			isa = PBXGroup;
			children = (
				35945A101DFAFEBC00442E03 /* Controller */,
				35945A131DFAFEBC00442E03 /* Model */,
				35945A141DFAFEBC00442E03 /* View */,
			);
			path = Main;
			sourceTree = "<group>";
		};
		3583E5861DF9ACFF008DD35C /* Profile */ = {
			isa = PBXGroup;
			children = (
				35945A1C1DFAFF2A00442E03 /* Controller */,
				35945A1E1DFAFF2B00442E03 /* Model */,
				35945A1F1DFAFF2B00442E03 /* View */,
			);
			path = Profile;
			sourceTree = "<group>";
		};
		3583E5871DF9ACFF008DD35C /* Tool */ = {
			isa = PBXGroup;
			children = (
				35945A2F1DFB07AB00442E03 /* Extension */,
				35945A341DFD9FC200442E03 /* Common.swift */,
				358340DA1E6575470085404D /* NetworkTools.swift */,
			);
			path = Tool;
			sourceTree = "<group>";
		};
		35945A101DFAFEBC00442E03 /* Controller */ = {
			isa = PBXGroup;
			children = (
				35945A111DFAFEBC00442E03 /* Main.storyboard */,
				35945A121DFAFEBC00442E03 /* MainViewController.swift */,
			);
			path = Controller;
			sourceTree = "<group>";
		};
		35945A131DFAFEBC00442E03 /* Model */ = {
			isa = PBXGroup;
			children = (
				358340E31E6666DF0085404D /* AnchorGroup.swift */,
				358340E51E66A58D0085404D /* AnchorModel.swift */,
			);
			path = Model;
			sourceTree = "<group>";
		};
		35945A141DFAFEBC00442E03 /* View */ = {
			isa = PBXGroup;
			children = (
				35945A321DFD9DAB00442E03 /* PageTitleView.swift */,
				35945A3B1DFE7AD700442E03 /* PageContentview.swift */,
				358340D21E6549240085404D /* CollectionNormalCell.swift */,
				358340D31E6549240085404D /* CollectionNormalCell.xib */,
				358340D61E65561D0085404D /* CollectionPrettyCell.swift */,
				358340D71E65561D0085404D /* CollectionPrettyCell.xib */,
			);
			path = View;
			sourceTree = "<group>";
		};
		35945A171DFAFF1300442E03 /* Controller */ = {
			isa = PBXGroup;
			children = (
				35945A181DFAFF1300442E03 /* Live.storyboard */,
			);
			path = Controller;
			sourceTree = "<group>";
		};
		35945A191DFAFF1300442E03 /* Model */ = {
			isa = PBXGroup;
			children = (
			);
			path = Model;
			sourceTree = "<group>";
		};
		35945A1A1DFAFF1300442E03 /* View */ = {
			isa = PBXGroup;
			children = (
			);
			path = View;
			sourceTree = "<group>";
		};
		35945A1C1DFAFF2A00442E03 /* Controller */ = {
			isa = PBXGroup;
			children = (
				35945A1D1DFAFF2B00442E03 /* Profile.storyboard */,
			);
			path = Controller;
			sourceTree = "<group>";
		};
		35945A1E1DFAFF2B00442E03 /* Model */ = {
			isa = PBXGroup;
			children = (
			);
			path = Model;
			sourceTree = "<group>";
		};
		35945A1F1DFAFF2B00442E03 /* View */ = {
			isa = PBXGroup;
			children = (
			);
			path = View;
			sourceTree = "<group>";
		};
		35945A211DFAFF4800442E03 /* Controller */ = {
			isa = PBXGroup;
			children = (
				35945A221DFAFF4800442E03 /* Follow.storyboard */,
			);
			path = Controller;
			sourceTree = "<group>";
		};
		35945A231DFAFF4800442E03 /* Model */ = {
			isa = PBXGroup;
			children = (
			);
			path = Model;
			sourceTree = "<group>";
		};
		35945A241DFAFF4800442E03 /* View */ = {
			isa = PBXGroup;
			children = (
			);
			path = View;
			sourceTree = "<group>";
		};
		35945A281DFB006900442E03 /* Controller */ = {
			isa = PBXGroup;
			children = (
				35945A291DFB006900442E03 /* Home.storyboard */,
				35945A2A1DFB006900442E03 /* HomeViewController.swift */,
				358340CC1E6509B30085404D /* RecommendViewController.swift */,
			);
			path = Controller;
			sourceTree = "<group>";
		};
		35945A2B1DFB006900442E03 /* Model */ = {
			isa = PBXGroup;
			children = (
			);
			path = Model;
			sourceTree = "<group>";
		};
		35945A2C1DFB006900442E03 /* View */ = {
			isa = PBXGroup;
			children = (
				358340CE1E6521FA0085404D /* CollectionHeaderView.swift */,
				358340CF1E6521FA0085404D /* CollectionHeaderView.xib */,
			);
			path = View;
			sourceTree = "<group>";
		};
		35945A2F1DFB07AB00442E03 /* Extension */ = {
			isa = PBXGroup;
			children = (
				35945A301DFB07C800442E03 /* UIBarButtonItem-Extension.swift */,
				35945A3D1DFE8A5E00442E03 /* UIColor-Extension.swift */,
				358340E11E6660D20085404D /* NSDate-Extension.swift */,
			);
			path = Extension;
			sourceTree = "<group>";
		};
		3A5C8F8246CF33A6781C941D /* Frameworks */ = {
			isa = PBXGroup;
			children = (
				7ACBBEDCE246C4252525854B /* Pods_TXLive.framework */,
			);
			name = Frameworks;
			sourceTree = "<group>";
		};
		6DF29265587E3D25A101FCEF /* Pods */ = {
			isa = PBXGroup;
			children = (
				D6FF595F72CA275EEE4AF948 /* Pods-TXLive.debug.xcconfig */,
				18547A085AE128D684BA1AB0 /* Pods-TXLive.release.xcconfig */,
			);
			name = Pods;
			sourceTree = "<group>";
		};
/* End PBXGroup section */

/* Begin PBXNativeTarget section */
		3583E56B1DF9A6A3008DD35C /* TXLive */ = {
			isa = PBXNativeTarget;
			buildConfigurationList = 3583E57E1DF9A6A3008DD35C /* Build configuration list for PBXNativeTarget "TXLive" */;
			buildPhases = (
				A385573E833404650AA94C5F /* [CP] Check Pods Manifest.lock */,
				3583E5681DF9A6A3008DD35C /* Sources */,
				3583E5691DF9A6A3008DD35C /* Frameworks */,
				3583E56A1DF9A6A3008DD35C /* Resources */,
				ECBB0B3A3CDCCA24F47A047F /* [CP] Embed Pods Frameworks */,
				B4642E849EBFD639945315CB /* [CP] Copy Pods Resources */,
			);
			buildRules = (
			);
			dependencies = (
			);
			name = TXLive;
			productName = TXLive;
			productReference = 3583E56C1DF9A6A3008DD35C /* TXLive.app */;
			productType = "com.apple.product-type.application";
		};
/* End PBXNativeTarget section */

/* Begin PBXProject section */
		3583E5641DF9A6A3008DD35C /* Project object */ = {
			isa = PBXProject;
			attributes = {
				LastSwiftUpdateCheck = 0800;
				LastUpgradeCheck = 0800;
				ORGANIZATIONNAME = LTX;
				TargetAttributes = {
					3583E56B1DF9A6A3008DD35C = {
						CreatedOnToolsVersion = 8.0;
						DevelopmentTeam = V36AU6RMWL;
						ProvisioningStyle = Automatic;
					};
				};
			};
			buildConfigurationList = 3583E5671DF9A6A3008DD35C /* Build configuration list for PBXProject "TXLive" */;
			compatibilityVersion = "Xcode 3.2";
			developmentRegion = English;
			hasScannedForEncodings = 0;
			knownRegions = (
				en,
				Base,
			);
			mainGroup = 3583E5631DF9A6A3008DD35C;
			productRefGroup = 3583E56D1DF9A6A3008DD35C /* Products */;
			projectDirPath = "";
			projectRoot = "";
			targets = (
				3583E56B1DF9A6A3008DD35C /* TXLive */,
			);
		};
/* End PBXProject section */

/* Begin PBXResourcesBuildPhase section */
		3583E56A1DF9A6A3008DD35C /* Resources */ = {
			isa = PBXResourcesBuildPhase;
			buildActionMask = 2147483647;
			files = (
				3583E57A1DF9A6A3008DD35C /* LaunchScreen.storyboard in Resources */,
				358340D11E6521FA0085404D /* CollectionHeaderView.xib in Resources */,
				358340D51E6549240085404D /* CollectionNormalCell.xib in Resources */,
				35945A201DFAFF2B00442E03 /* Profile.storyboard in Resources */,
				35945A251DFAFF4800442E03 /* Follow.storyboard in Resources */,
				35945A151DFAFEBC00442E03 /* Main.storyboard in Resources */,
				3583E5771DF9A6A3008DD35C /* Assets.xcassets in Resources */,
				358340D91E65561D0085404D /* CollectionPrettyCell.xib in Resources */,
				35945A1B1DFAFF1300442E03 /* Live.storyboard in Resources */,
				35945A2D1DFB006900442E03 /* Home.storyboard in Resources */,
			);
			runOnlyForDeploymentPostprocessing = 0;
		};
/* End PBXResourcesBuildPhase section */

/* Begin PBXShellScriptBuildPhase section */
		A385573E833404650AA94C5F /* [CP] Check Pods Manifest.lock */ = {
			isa = PBXShellScriptBuildPhase;
			buildActionMask = 2147483647;
			files = (
			);
			inputPaths = (
			);
			name = "[CP] Check Pods Manifest.lock";
			outputPaths = (
			);
			runOnlyForDeploymentPostprocessing = 0;
			shellPath = /bin/sh;
			shellScript = "diff \"${PODS_ROOT}/../Podfile.lock\" \"${PODS_ROOT}/Manifest.lock\" > /dev/null\nif [ $? != 0 ] ; then\n    # print error to STDERR\n    echo \"error: The sandbox is not in sync with the Podfile.lock. Run 'pod install' or update your CocoaPods installation.\" >&2\n    exit 1\nfi\n";
			showEnvVarsInLog = 0;
		};
		B4642E849EBFD639945315CB /* [CP] Copy Pods Resources */ = {
			isa = PBXShellScriptBuildPhase;
			buildActionMask = 2147483647;
			files = (
			);
			inputPaths = (
			);
			name = "[CP] Copy Pods Resources";
			outputPaths = (
			);
			runOnlyForDeploymentPostprocessing = 0;
			shellPath = /bin/sh;
			shellScript = "\"${SRCROOT}/Pods/Target Support Files/Pods-TXLive/Pods-TXLive-resources.sh\"\n";
			showEnvVarsInLog = 0;
		};
		ECBB0B3A3CDCCA24F47A047F /* [CP] Embed Pods Frameworks */ = {
			isa = PBXShellScriptBuildPhase;
			buildActionMask = 2147483647;
			files = (
			);
			inputPaths = (
			);
			name = "[CP] Embed Pods Frameworks";
			outputPaths = (
			);
			runOnlyForDeploymentPostprocessing = 0;
			shellPath = /bin/sh;
			shellScript = "\"${SRCROOT}/Pods/Target Support Files/Pods-TXLive/Pods-TXLive-frameworks.sh\"\n";
			showEnvVarsInLog = 0;
		};
/* End PBXShellScriptBuildPhase section */

/* Begin PBXSourcesBuildPhase section */
		3583E5681DF9A6A3008DD35C /* Sources */ = {
			isa = PBXSourcesBuildPhase;
			buildActionMask = 2147483647;
			files = (
				35945A161DFAFEBC00442E03 /* MainViewController.swift in Sources */,
				358340D01E6521FA0085404D /* CollectionHeaderView.swift in Sources */,
				35945A3E1DFE8A5E00442E03 /* UIColor-Extension.swift in Sources */,
				358340CD1E6509B30085404D /* RecommendViewController.swift in Sources */,
				358340E41E6666DF0085404D /* AnchorGroup.swift in Sources */,
				3583E5701DF9A6A3008DD35C /* AppDelegate.swift in Sources */,
				35945A331DFD9DAB00442E03 /* PageTitleView.swift in Sources */,
				35945A3C1DFE7AD700442E03 /* PageContentview.swift in Sources */,
				35945A311DFB07C800442E03 /* UIBarButtonItem-Extension.swift in Sources */,
				35945A351DFD9FC200442E03 /* Common.swift in Sources */,
				358340D81E65561D0085404D /* CollectionPrettyCell.swift in Sources */,
				358340E21E6660D20085404D /* NSDate-Extension.swift in Sources */,
				358340D41E6549240085404D /* CollectionNormalCell.swift in Sources */,
				358340DB1E6575470085404D /* NetworkTools.swift in Sources */,
				35945A2E1DFB006900442E03 /* HomeViewController.swift in Sources */,
				358340DE1E665F2E0085404D /* RecommendViewModel.swift in Sources */,
				358340E61E66A58D0085404D /* AnchorModel.swift in Sources */,
			);
			runOnlyForDeploymentPostprocessing = 0;
		};
/* End PBXSourcesBuildPhase section */

/* Begin PBXVariantGroup section */
		3583E5781DF9A6A3008DD35C /* LaunchScreen.storyboard */ = {
			isa = PBXVariantGroup;
			children = (
				3583E5791DF9A6A3008DD35C /* Base */,
			);
			name = LaunchScreen.storyboard;
			sourceTree = "<group>";
		};
/* End PBXVariantGroup section */

/* Begin XCBuildConfiguration section */
		3583E57C1DF9A6A3008DD35C /* Debug */ = {
			isa = XCBuildConfiguration;
			buildSettings = {
				ALWAYS_SEARCH_USER_PATHS = NO;
				CLANG_ANALYZER_NONNULL = YES;
				CLANG_CXX_LANGUAGE_STANDARD = "gnu++0x";
				CLANG_CXX_LIBRARY = "libc++";
				CLANG_ENABLE_MODULES = YES;
				CLANG_ENABLE_OBJC_ARC = YES;
				CLANG_WARN_BOOL_CONVERSION = YES;
				CLANG_WARN_CONSTANT_CONVERSION = YES;
				CLANG_WARN_DIRECT_OBJC_ISA_USAGE = YES_ERROR;
				CLANG_WARN_DOCUMENTATION_COMMENTS = YES;
				CLANG_WARN_EMPTY_BODY = YES;
				CLANG_WARN_ENUM_CONVERSION = YES;
				CLANG_WARN_INFINITE_RECURSION = YES;
				CLANG_WARN_INT_CONVERSION = YES;
				CLANG_WARN_OBJC_ROOT_CLASS = YES_ERROR;
				CLANG_WARN_SUSPICIOUS_MOVES = YES;
				CLANG_WARN_UNREACHABLE_CODE = YES;
				CLANG_WARN__DUPLICATE_METHOD_MATCH = YES;
				"CODE_SIGN_IDENTITY[sdk=iphoneos*]" = "iPhone Developer";
				COPY_PHASE_STRIP = NO;
				DEBUG_INFORMATION_FORMAT = dwarf;
				ENABLE_STRICT_OBJC_MSGSEND = YES;
				ENABLE_TESTABILITY = YES;
				GCC_C_LANGUAGE_STANDARD = gnu99;
				GCC_DYNAMIC_NO_PIC = NO;
				GCC_NO_COMMON_BLOCKS = YES;
				GCC_OPTIMIZATION_LEVEL = 0;
				GCC_PREPROCESSOR_DEFINITIONS = (
					"DEBUG=1",
					"$(inherited)",
				);
				GCC_WARN_64_TO_32_BIT_CONVERSION = YES;
				GCC_WARN_ABOUT_RETURN_TYPE = YES_ERROR;
				GCC_WARN_UNDECLARED_SELECTOR = YES;
				GCC_WARN_UNINITIALIZED_AUTOS = YES_AGGRESSIVE;
				GCC_WARN_UNUSED_FUNCTION = YES;
				GCC_WARN_UNUSED_VARIABLE = YES;
				IPHONEOS_DEPLOYMENT_TARGET = 10.0;
				MTL_ENABLE_DEBUG_INFO = YES;
				ONLY_ACTIVE_ARCH = YES;
				SDKROOT = iphoneos;
				SWIFT_ACTIVE_COMPILATION_CONDITIONS = DEBUG;
				SWIFT_OPTIMIZATION_LEVEL = "-Onone";
			};
			name = Debug;
		};
		3583E57D1DF9A6A3008DD35C /* Release */ = {
			isa = XCBuildConfiguration;
			buildSettings = {
				ALWAYS_SEARCH_USER_PATHS = NO;
				CLANG_ANALYZER_NONNULL = YES;
				CLANG_CXX_LANGUAGE_STANDARD = "gnu++0x";
				CLANG_CXX_LIBRARY = "libc++";
				CLANG_ENABLE_MODULES = YES;
				CLANG_ENABLE_OBJC_ARC = YES;
				CLANG_WARN_BOOL_CONVERSION = YES;
				CLANG_WARN_CONSTANT_CONVERSION = YES;
				CLANG_WARN_DIRECT_OBJC_ISA_USAGE = YES_ERROR;
				CLANG_WARN_DOCUMENTATION_COMMENTS = YES;
				CLANG_WARN_EMPTY_BODY = YES;
				CLANG_WARN_ENUM_CONVERSION = YES;
				CLANG_WARN_INFINITE_RECURSION = YES;
				CLANG_WARN_INT_CONVERSION = YES;
				CLANG_WARN_OBJC_ROOT_CLASS = YES_ERROR;
				CLANG_WARN_SUSPICIOUS_MOVES = YES;
				CLANG_WARN_UNREACHABLE_CODE = YES;
				CLANG_WARN__DUPLICATE_METHOD_MATCH = YES;
				"CODE_SIGN_IDENTITY[sdk=iphoneos*]" = "iPhone Developer";
				COPY_PHASE_STRIP = NO;
				DEBUG_INFORMATION_FORMAT = "dwarf-with-dsym";
				ENABLE_NS_ASSERTIONS = NO;
				ENABLE_STRICT_OBJC_MSGSEND = YES;
				GCC_C_LANGUAGE_STANDARD = gnu99;
				GCC_NO_COMMON_BLOCKS = YES;
				GCC_WARN_64_TO_32_BIT_CONVERSION = YES;
				GCC_WARN_ABOUT_RETURN_TYPE = YES_ERROR;
				GCC_WARN_UNDECLARED_SELECTOR = YES;
				GCC_WARN_UNINITIALIZED_AUTOS = YES_AGGRESSIVE;
				GCC_WARN_UNUSED_FUNCTION = YES;
				GCC_WARN_UNUSED_VARIABLE = YES;
				IPHONEOS_DEPLOYMENT_TARGET = 10.0;
				MTL_ENABLE_DEBUG_INFO = NO;
				SDKROOT = iphoneos;
				SWIFT_OPTIMIZATION_LEVEL = "-Owholemodule";
				VALIDATE_PRODUCT = YES;
			};
			name = Release;
		};
		3583E57F1DF9A6A3008DD35C /* Debug */ = {
			isa = XCBuildConfiguration;
			baseConfigurationReference = D6FF595F72CA275EEE4AF948 /* Pods-TXLive.debug.xcconfig */;
			buildSettings = {
				ASSETCATALOG_COMPILER_APPICON_NAME = AppIcon;
				ASSETCATALOG_COMPILER_LAUNCHIMAGE_NAME = LaunchImage;
				DEVELOPMENT_TEAM = V36AU6RMWL;
				INFOPLIST_FILE = TXLive/Info.plist;
				IPHONEOS_DEPLOYMENT_TARGET = 9.0;
				LD_RUNPATH_SEARCH_PATHS = "$(inherited) @executable_path/Frameworks";
				PRODUCT_BUNDLE_IDENTIFIER = com.tiasn.live.TXLive;
				PRODUCT_NAME = "$(TARGET_NAME)";
				SWIFT_VERSION = 3.0;
			};
			name = Debug;
		};
		3583E5801DF9A6A3008DD35C /* Release */ = {
			isa = XCBuildConfiguration;
			baseConfigurationReference = 18547A085AE128D684BA1AB0 /* Pods-TXLive.release.xcconfig */;
			buildSettings = {
				ASSETCATALOG_COMPILER_APPICON_NAME = AppIcon;
				ASSETCATALOG_COMPILER_LAUNCHIMAGE_NAME = LaunchImage;
				DEVELOPMENT_TEAM = V36AU6RMWL;
				INFOPLIST_FILE = TXLive/Info.plist;
				IPHONEOS_DEPLOYMENT_TARGET = 9.0;
				LD_RUNPATH_SEARCH_PATHS = "$(inherited) @executable_path/Frameworks";
				PRODUCT_BUNDLE_IDENTIFIER = com.tiasn.live.TXLive;
				PRODUCT_NAME = "$(TARGET_NAME)";
				SWIFT_VERSION = 3.0;
			};
			name = Release;
		};
/* End XCBuildConfiguration section */

/* Begin XCConfigurationList section */
		3583E5671DF9A6A3008DD35C /* Build configuration list for PBXProject "TXLive" */ = {
			isa = XCConfigurationList;
			buildConfigurations = (
				3583E57C1DF9A6A3008DD35C /* Debug */,
				3583E57D1DF9A6A3008DD35C /* Release */,
			);
			defaultConfigurationIsVisible = 0;
			defaultConfigurationName = Release;
		};
		3583E57E1DF9A6A3008DD35C /* Build configuration list for PBXNativeTarget "TXLive" */ = {
			isa = XCConfigurationList;
			buildConfigurations = (
				3583E57F1DF9A6A3008DD35C /* Debug */,
				3583E5801DF9A6A3008DD35C /* Release */,
			);
			defaultConfigurationIsVisible = 0;
			defaultConfigurationName = Release;
		};
/* End XCConfigurationList section */
	};
	rootObject = 3583E5641DF9A6A3008DD35C /* Project object */;
}
